// !$*UTF8*$!
{
	archiveVersion = 1;
	classes = {
	};
	objectVersion = 50;
	objects = {

/* Begin PBXBuildFile section */
		130AF80CA00386E7FB5DE0DC /* Pods_WHIX.framework in Frameworks */ = {isa = PBXBuildFile; fileRef = E2E55E908576D0FCE695F694 /* Pods_WHIX.framework */; };
		79A28C6822218D610072737A /* GoogleService-Info.plist in Resources */ = {isa = PBXBuildFile; fileRef = 79A28C6722218D610072737A /* GoogleService-Info.plist */; };
		79A28C6A22219C440072737A /* FeedViewController.swift in Sources */ = {isa = PBXBuildFile; fileRef = 79A28C6922219C440072737A /* FeedViewController.swift */; };
		79A28C6E22219E200072737A /* PlayerView.swift in Sources */ = {isa = PBXBuildFile; fileRef = 79A28C6D22219E200072737A /* PlayerView.swift */; };
		79A28C722221A1BC0072737A /* PlayerCollectionViewCell.swift in Sources */ = {isa = PBXBuildFile; fileRef = 79A28C702221A1BC0072737A /* PlayerCollectionViewCell.swift */; };
		79A28C792221C8600072737A /* GradientOverlayView.swift in Sources */ = {isa = PBXBuildFile; fileRef = 79A28C782221C8600072737A /* GradientOverlayView.swift */; };
		79A5F31C222225A8001FBF64 /* ProfileController.swift in Sources */ = {isa = PBXBuildFile; fileRef = 79A5F31B222225A8001FBF64 /* ProfileController.swift */; };
		79A7D41B2222B664006F64EC /* PhotoEditorViewController.xib in Resources */ = {isa = PBXBuildFile; fileRef = 79A7D4192222B663006F64EC /* PhotoEditorViewController.xib */; };
		79A7D41C2222B664006F64EC /* PhotoEditorViewController.swift in Sources */ = {isa = PBXBuildFile; fileRef = 79A7D41A2222B664006F64EC /* PhotoEditorViewController.swift */; };
		79A7D43F2222B6FD006F64EC /* PhotoEditor+UITextView.swift in Sources */ = {isa = PBXBuildFile; fileRef = 79A7D41E2222B6F8006F64EC /* PhotoEditor+UITextView.swift */; };
		79A7D4402222B6FD006F64EC /* UIImage+Crop.swift in Sources */ = {isa = PBXBuildFile; fileRef = 79A7D41F2222B6F8006F64EC /* UIImage+Crop.swift */; };
		79A7D4412222B6FD006F64EC /* StickerCollectionViewCell.xib in Resources */ = {isa = PBXBuildFile; fileRef = 79A7D4202222B6F8006F64EC /* StickerCollectionViewCell.xib */; };
		79A7D4422222B6FD006F64EC /* EmojisCollectionViewDelegate.swift in Sources */ = {isa = PBXBuildFile; fileRef = 79A7D4212222B6F8006F64EC /* EmojisCollectionViewDelegate.swift */; };
		79A7D4432222B6FD006F64EC /* PhotoEditor+Controls.swift in Sources */ = {isa = PBXBuildFile; fileRef = 79A7D4222222B6F9006F64EC /* PhotoEditor+Controls.swift */; };
		79A7D4442222B6FD006F64EC /* ColorsCollectionViewDelegate.swift in Sources */ = {isa = PBXBuildFile; fileRef = 79A7D4232222B6F9006F64EC /* ColorsCollectionViewDelegate.swift */; };
		79A7D4452222B6FD006F64EC /* UIImageView+Alpha.swift in Sources */ = {isa = PBXBuildFile; fileRef = 79A7D4242222B6F9006F64EC /* UIImageView+Alpha.swift */; };
		79A7D4462222B6FD006F64EC /* PhotoCropEditorBorder@2x.png in Resources */ = {isa = PBXBuildFile; fileRef = 79A7D4252222B6F9006F64EC /* PhotoCropEditorBorder@2x.png */; };
		79A7D4472222B6FD006F64EC /* PhotoCropEditorBorder@3x.png in Resources */ = {isa = PBXBuildFile; fileRef = 79A7D4262222B6F9006F64EC /* PhotoCropEditorBorder@3x.png */; };
		79A7D4482222B6FD006F64EC /* UIView+Image.swift in Sources */ = {isa = PBXBuildFile; fileRef = 79A7D4272222B6F9006F64EC /* UIView+Image.swift */; };
		79A7D4492222B6FD006F64EC /* PhotoEditor+Gestures.swift in Sources */ = {isa = PBXBuildFile; fileRef = 79A7D4282222B6F9006F64EC /* PhotoEditor+Gestures.swift */; };
		79A7D44A2222B6FD006F64EC /* Protocols.swift in Sources */ = {isa = PBXBuildFile; fileRef = 79A7D4292222B6FA006F64EC /* Protocols.swift */; };
		79A7D44B2222B6FD006F64EC /* PhotoCropEditorBorder.png in Resources */ = {isa = PBXBuildFile; fileRef = 79A7D42A2222B6FA006F64EC /* PhotoCropEditorBorder.png */; };
		79A7D44C2222B6FD006F64EC /* icomoon.ttf in Resources */ = {isa = PBXBuildFile; fileRef = 79A7D42B2222B6FA006F64EC /* icomoon.ttf */; };
		79A7D44D2222B6FD006F64EC /* EmojiCollectionViewCell.swift in Sources */ = {isa = PBXBuildFile; fileRef = 79A7D42C2222B6FA006F64EC /* EmojiCollectionViewCell.swift */; };
		79A7D44E2222B6FD006F64EC /* CropRectView.swift in Sources */ = {isa = PBXBuildFile; fileRef = 79A7D42D2222B6FA006F64EC /* CropRectView.swift */; };
		79A7D44F2222B6FD006F64EC /* CropView.swift in Sources */ = {isa = PBXBuildFile; fileRef = 79A7D42E2222B6FA006F64EC /* CropView.swift */; };
		79A7D4502222B6FD006F64EC /* PhotoEditor+Drawing.swift in Sources */ = {isa = PBXBuildFile; fileRef = 79A7D42F2222B6FB006F64EC /* PhotoEditor+Drawing.swift */; };
		79A7D4512222B6FD006F64EC /* ResizeControl.swift in Sources */ = {isa = PBXBuildFile; fileRef = 79A7D4302222B6FB006F64EC /* ResizeControl.swift */; };
		79A7D4522222B6FD006F64EC /* ColorCollectionViewCell.swift in Sources */ = {isa = PBXBuildFile; fileRef = 79A7D4312222B6FB006F64EC /* ColorCollectionViewCell.swift */; };
		79A7D4532222B6FD006F64EC /* PhotoEditor+Crop.swift in Sources */ = {isa = PBXBuildFile; fileRef = 79A7D4322222B6FB006F64EC /* PhotoEditor+Crop.swift */; };
		79A7D4542222B6FD006F64EC /* PhotoEditor+StickersViewController.swift in Sources */ = {isa = PBXBuildFile; fileRef = 79A7D4332222B6FB006F64EC /* PhotoEditor+StickersViewController.swift */; };
		79A7D4552222B6FD006F64EC /* CropViewController.swift in Sources */ = {isa = PBXBuildFile; fileRef = 79A7D4342222B6FB006F64EC /* CropViewController.swift */; };
		79A7D4562222B6FD006F64EC /* StickerCollectionViewCell.swift in Sources */ = {isa = PBXBuildFile; fileRef = 79A7D4352222B6FB006F64EC /* StickerCollectionViewCell.swift */; };
		79A7D4582222B6FD006F64EC /* StickersViewController.xib in Resources */ = {isa = PBXBuildFile; fileRef = 79A7D4372222B6FC006F64EC /* StickersViewController.xib */; };
		79A7D4592222B6FD006F64EC /* ColorCollectionViewCell.xib in Resources */ = {isa = PBXBuildFile; fileRef = 79A7D4382222B6FC006F64EC /* ColorCollectionViewCell.xib */; };
		79A7D45A2222B6FD006F64EC /* PhotoEditor+Font.swift in Sources */ = {isa = PBXBuildFile; fileRef = 79A7D4392222B6FC006F64EC /* PhotoEditor+Font.swift */; };
		79A7D45B2222B6FD006F64EC /* StickersViewController.swift in Sources */ = {isa = PBXBuildFile; fileRef = 79A7D43A2222B6FC006F64EC /* StickersViewController.swift */; };
		79A7D45C2222B6FD006F64EC /* GradientView.swift in Sources */ = {isa = PBXBuildFile; fileRef = 79A7D43B2222B6FC006F64EC /* GradientView.swift */; };
		79A7D45D2222B6FD006F64EC /* EmojiCollectionViewCell.xib in Resources */ = {isa = PBXBuildFile; fileRef = 79A7D43C2222B6FD006F64EC /* EmojiCollectionViewCell.xib */; };
		79A7D45E2222B6FD006F64EC /* UIImage+Size.swift in Sources */ = {isa = PBXBuildFile; fileRef = 79A7D43D2222B6FD006F64EC /* UIImage+Size.swift */; };
		79A7D45F2222B6FD006F64EC /* PhotoEditor+Keyboard.swift in Sources */ = {isa = PBXBuildFile; fileRef = 79A7D43E2222B6FD006F64EC /* PhotoEditor+Keyboard.swift */; };
		79AF9600222182C000637D5F /* AppDelegate.swift in Sources */ = {isa = PBXBuildFile; fileRef = 79AF95FF222182C000637D5F /* AppDelegate.swift */; };
		79AF9602222182C000637D5F /* MainTabController.swift in Sources */ = {isa = PBXBuildFile; fileRef = 79AF9601222182C000637D5F /* MainTabController.swift */; };
		79AF9604222182C000637D5F /* LoginViewController.swift in Sources */ = {isa = PBXBuildFile; fileRef = 79AF9603222182C000637D5F /* LoginViewController.swift */; };
		79AF9607222182C000637D5F /* Main.storyboard in Resources */ = {isa = PBXBuildFile; fileRef = 79AF9605222182C000637D5F /* Main.storyboard */; };
		79AF9609222182C200637D5F /* Assets.xcassets in Resources */ = {isa = PBXBuildFile; fileRef = 79AF9608222182C200637D5F /* Assets.xcassets */; };
		79AF960C222182C200637D5F /* LaunchScreen.storyboard in Resources */ = {isa = PBXBuildFile; fileRef = 79AF960A222182C200637D5F /* LaunchScreen.storyboard */; };
		79D002C02221E4C50011F4EF /* CamViewController.swift in Sources */ = {isa = PBXBuildFile; fileRef = 79D002BF2221E4C50011F4EF /* CamViewController.swift */; };
		79D002C42221E93E0011F4EF /* SwiftyRecordButton.swift in Sources */ = {isa = PBXBuildFile; fileRef = 79D002C32221E93E0011F4EF /* SwiftyRecordButton.swift */; };
		79D002C82221FADF0011F4EF /* PhotoEditController.swift in Sources */ = {isa = PBXBuildFile; fileRef = 79D002C72221FADF0011F4EF /* PhotoEditController.swift */; };
/* End PBXBuildFile section */

/* Begin PBXFileReference section */
		3F50C79D0EDEA73C0A08F8E6 /* Pods-WHIX.release.xcconfig */ = {isa = PBXFileReference; includeInIndex = 1; lastKnownFileType = text.xcconfig; name = "Pods-WHIX.release.xcconfig"; path = "Pods/Target Support Files/Pods-WHIX/Pods-WHIX.release.xcconfig"; sourceTree = "<group>"; };
		79A28C6722218D610072737A /* GoogleService-Info.plist */ = {isa = PBXFileReference; fileEncoding = 4; lastKnownFileType = text.plist.xml; path = "GoogleService-Info.plist"; sourceTree = "<group>"; };
		79A28C6922219C440072737A /* FeedViewController.swift */ = {isa = PBXFileReference; lastKnownFileType = sourcecode.swift; path = FeedViewController.swift; sourceTree = "<group>"; };
		79A28C6D22219E200072737A /* PlayerView.swift */ = {isa = PBXFileReference; lastKnownFileType = sourcecode.swift; path = PlayerView.swift; sourceTree = "<group>"; };
		79A28C702221A1BC0072737A /* PlayerCollectionViewCell.swift */ = {isa = PBXFileReference; fileEncoding = 4; lastKnownFileType = sourcecode.swift; path = PlayerCollectionViewCell.swift; sourceTree = "<group>"; };
		79A28C782221C8600072737A /* GradientOverlayView.swift */ = {isa = PBXFileReference; lastKnownFileType = sourcecode.swift; path = GradientOverlayView.swift; sourceTree = "<group>"; };
		79A5F31B222225A8001FBF64 /* ProfileController.swift */ = {isa = PBXFileReference; lastKnownFileType = sourcecode.swift; path = ProfileController.swift; sourceTree = "<group>"; };
		79A7D4192222B663006F64EC /* PhotoEditorViewController.xib */ = {isa = PBXFileReference; fileEncoding = 4; lastKnownFileType = file.xib; path = PhotoEditorViewController.xib; sourceTree = "<group>"; };
		79A7D41A2222B664006F64EC /* PhotoEditorViewController.swift */ = {isa = PBXFileReference; fileEncoding = 4; lastKnownFileType = sourcecode.swift; path = PhotoEditorViewController.swift; sourceTree = "<group>"; };
		79A7D41E2222B6F8006F64EC /* PhotoEditor+UITextView.swift */ = {isa = PBXFileReference; fileEncoding = 4; lastKnownFileType = sourcecode.swift; path = "PhotoEditor+UITextView.swift"; sourceTree = "<group>"; };
		79A7D41F2222B6F8006F64EC /* UIImage+Crop.swift */ = {isa = PBXFileReference; fileEncoding = 4; lastKnownFileType = sourcecode.swift; path = "UIImage+Crop.swift"; sourceTree = "<group>"; };
		79A7D4202222B6F8006F64EC /* StickerCollectionViewCell.xib */ = {isa = PBXFileReference; fileEncoding = 4; lastKnownFileType = file.xib; path = StickerCollectionViewCell.xib; sourceTree = "<group>"; };
		79A7D4212222B6F8006F64EC /* EmojisCollectionViewDelegate.swift */ = {isa = PBXFileReference; fileEncoding = 4; lastKnownFileType = sourcecode.swift; path = EmojisCollectionViewDelegate.swift; sourceTree = "<group>"; };
		79A7D4222222B6F9006F64EC /* PhotoEditor+Controls.swift */ = {isa = PBXFileReference; fileEncoding = 4; lastKnownFileType = sourcecode.swift; path = "PhotoEditor+Controls.swift"; sourceTree = "<group>"; };
		79A7D4232222B6F9006F64EC /* ColorsCollectionViewDelegate.swift */ = {isa = PBXFileReference; fileEncoding = 4; lastKnownFileType = sourcecode.swift; path = ColorsCollectionViewDelegate.swift; sourceTree = "<group>"; };
		79A7D4242222B6F9006F64EC /* UIImageView+Alpha.swift */ = {isa = PBXFileReference; fileEncoding = 4; lastKnownFileType = sourcecode.swift; path = "UIImageView+Alpha.swift"; sourceTree = "<group>"; };
		79A7D4252222B6F9006F64EC /* PhotoCropEditorBorder@2x.png */ = {isa = PBXFileReference; lastKnownFileType = image.png; path = "PhotoCropEditorBorder@2x.png"; sourceTree = "<group>"; };
		79A7D4262222B6F9006F64EC /* PhotoCropEditorBorder@3x.png */ = {isa = PBXFileReference; lastKnownFileType = image.png; path = "PhotoCropEditorBorder@3x.png"; sourceTree = "<group>"; };
		79A7D4272222B6F9006F64EC /* UIView+Image.swift */ = {isa = PBXFileReference; fileEncoding = 4; lastKnownFileType = sourcecode.swift; path = "UIView+Image.swift"; sourceTree = "<group>"; };
		79A7D4282222B6F9006F64EC /* PhotoEditor+Gestures.swift */ = {isa = PBXFileReference; fileEncoding = 4; lastKnownFileType = sourcecode.swift; path = "PhotoEditor+Gestures.swift"; sourceTree = "<group>"; };
		79A7D4292222B6FA006F64EC /* Protocols.swift */ = {isa = PBXFileReference; fileEncoding = 4; lastKnownFileType = sourcecode.swift; path = Protocols.swift; sourceTree = "<group>"; };
		79A7D42A2222B6FA006F64EC /* PhotoCropEditorBorder.png */ = {isa = PBXFileReference; lastKnownFileType = image.png; path = PhotoCropEditorBorder.png; sourceTree = "<group>"; };
		79A7D42B2222B6FA006F64EC /* icomoon.ttf */ = {isa = PBXFileReference; lastKnownFileType = file; path = icomoon.ttf; sourceTree = "<group>"; };
		79A7D42C2222B6FA006F64EC /* EmojiCollectionViewCell.swift */ = {isa = PBXFileReference; fileEncoding = 4; lastKnownFileType = sourcecode.swift; path = EmojiCollectionViewCell.swift; sourceTree = "<group>"; };
		79A7D42D2222B6FA006F64EC /* CropRectView.swift */ = {isa = PBXFileReference; fileEncoding = 4; lastKnownFileType = sourcecode.swift; path = CropRectView.swift; sourceTree = "<group>"; };
		79A7D42E2222B6FA006F64EC /* CropView.swift */ = {isa = PBXFileReference; fileEncoding = 4; lastKnownFileType = sourcecode.swift; path = CropView.swift; sourceTree = "<group>"; };
		79A7D42F2222B6FB006F64EC /* PhotoEditor+Drawing.swift */ = {isa = PBXFileReference; fileEncoding = 4; lastKnownFileType = sourcecode.swift; path = "PhotoEditor+Drawing.swift"; sourceTree = "<group>"; };
		79A7D4302222B6FB006F64EC /* ResizeControl.swift */ = {isa = PBXFileReference; fileEncoding = 4; lastKnownFileType = sourcecode.swift; path = ResizeControl.swift; sourceTree = "<group>"; };
		79A7D4312222B6FB006F64EC /* ColorCollectionViewCell.swift */ = {isa = PBXFileReference; fileEncoding = 4; lastKnownFileType = sourcecode.swift; path = ColorCollectionViewCell.swift; sourceTree = "<group>"; };
		79A7D4322222B6FB006F64EC /* PhotoEditor+Crop.swift */ = {isa = PBXFileReference; fileEncoding = 4; lastKnownFileType = sourcecode.swift; path = "PhotoEditor+Crop.swift"; sourceTree = "<group>"; };
		79A7D4332222B6FB006F64EC /* PhotoEditor+StickersViewController.swift */ = {isa = PBXFileReference; fileEncoding = 4; lastKnownFileType = sourcecode.swift; path = "PhotoEditor+StickersViewController.swift"; sourceTree = "<group>"; };
		79A7D4342222B6FB006F64EC /* CropViewController.swift */ = {isa = PBXFileReference; fileEncoding = 4; lastKnownFileType = sourcecode.swift; path = CropViewController.swift; sourceTree = "<group>"; };
		79A7D4352222B6FB006F64EC /* StickerCollectionViewCell.swift */ = {isa = PBXFileReference; fileEncoding = 4; lastKnownFileType = sourcecode.swift; path = StickerCollectionViewCell.swift; sourceTree = "<group>"; };
		79A7D4372222B6FC006F64EC /* StickersViewController.xib */ = {isa = PBXFileReference; fileEncoding = 4; lastKnownFileType = file.xib; path = StickersViewController.xib; sourceTree = "<group>"; };
		79A7D4382222B6FC006F64EC /* ColorCollectionViewCell.xib */ = {isa = PBXFileReference; fileEncoding = 4; lastKnownFileType = file.xib; path = ColorCollectionViewCell.xib; sourceTree = "<group>"; };
		79A7D4392222B6FC006F64EC /* PhotoEditor+Font.swift */ = {isa = PBXFileReference; fileEncoding = 4; lastKnownFileType = sourcecode.swift; path = "PhotoEditor+Font.swift"; sourceTree = "<group>"; };
		79A7D43A2222B6FC006F64EC /* StickersViewController.swift */ = {isa = PBXFileReference; fileEncoding = 4; lastKnownFileType = sourcecode.swift; path = StickersViewController.swift; sourceTree = "<group>"; };
		79A7D43B2222B6FC006F64EC /* GradientView.swift */ = {isa = PBXFileReference; fileEncoding = 4; lastKnownFileType = sourcecode.swift; path = GradientView.swift; sourceTree = "<group>"; };
		79A7D43C2222B6FD006F64EC /* EmojiCollectionViewCell.xib */ = {isa = PBXFileReference; fileEncoding = 4; lastKnownFileType = file.xib; path = EmojiCollectionViewCell.xib; sourceTree = "<group>"; };
		79A7D43D2222B6FD006F64EC /* UIImage+Size.swift */ = {isa = PBXFileReference; fileEncoding = 4; lastKnownFileType = sourcecode.swift; path = "UIImage+Size.swift"; sourceTree = "<group>"; };
		79A7D43E2222B6FD006F64EC /* PhotoEditor+Keyboard.swift */ = {isa = PBXFileReference; fileEncoding = 4; lastKnownFileType = sourcecode.swift; path = "PhotoEditor+Keyboard.swift"; sourceTree = "<group>"; };
		79AF95FC222182C000637D5F /* WHIX.app */ = {isa = PBXFileReference; explicitFileType = wrapper.application; includeInIndex = 0; path = WHIX.app; sourceTree = BUILT_PRODUCTS_DIR; };
		79AF95FF222182C000637D5F /* AppDelegate.swift */ = {isa = PBXFileReference; lastKnownFileType = sourcecode.swift; path = AppDelegate.swift; sourceTree = "<group>"; };
		79AF9601222182C000637D5F /* MainTabController.swift */ = {isa = PBXFileReference; lastKnownFileType = sourcecode.swift; path = MainTabController.swift; sourceTree = "<group>"; };
		79AF9603222182C000637D5F /* LoginViewController.swift */ = {isa = PBXFileReference; lastKnownFileType = sourcecode.swift; path = LoginViewController.swift; sourceTree = "<group>"; };
		79AF9606222182C000637D5F /* Base */ = {isa = PBXFileReference; lastKnownFileType = file.storyboard; name = Base; path = Base.lproj/Main.storyboard; sourceTree = "<group>"; };
		79AF9608222182C200637D5F /* Assets.xcassets */ = {isa = PBXFileReference; lastKnownFileType = folder.assetcatalog; path = Assets.xcassets; sourceTree = "<group>"; };
		79AF960B222182C200637D5F /* Base */ = {isa = PBXFileReference; lastKnownFileType = file.storyboard; name = Base; path = Base.lproj/LaunchScreen.storyboard; sourceTree = "<group>"; };
		79AF960D222182C200637D5F /* Info.plist */ = {isa = PBXFileReference; lastKnownFileType = text.plist.xml; path = Info.plist; sourceTree = "<group>"; };
		79D002BF2221E4C50011F4EF /* CamViewController.swift */ = {isa = PBXFileReference; lastKnownFileType = sourcecode.swift; path = CamViewController.swift; sourceTree = "<group>"; };
		79D002C32221E93E0011F4EF /* SwiftyRecordButton.swift */ = {isa = PBXFileReference; fileEncoding = 4; lastKnownFileType = sourcecode.swift; path = SwiftyRecordButton.swift; sourceTree = "<group>"; };
		79D002C72221FADF0011F4EF /* PhotoEditController.swift */ = {isa = PBXFileReference; lastKnownFileType = sourcecode.swift; path = PhotoEditController.swift; sourceTree = "<group>"; };
		BFA0D234CB06F989C1E5BF38 /* Pods-WHIX.debug.xcconfig */ = {isa = PBXFileReference; includeInIndex = 1; lastKnownFileType = text.xcconfig; name = "Pods-WHIX.debug.xcconfig"; path = "Pods/Target Support Files/Pods-WHIX/Pods-WHIX.debug.xcconfig"; sourceTree = "<group>"; };
		E2E55E908576D0FCE695F694 /* Pods_WHIX.framework */ = {isa = PBXFileReference; explicitFileType = wrapper.framework; includeInIndex = 0; path = Pods_WHIX.framework; sourceTree = BUILT_PRODUCTS_DIR; };
/* End PBXFileReference section */

/* Begin PBXFrameworksBuildPhase section */
		79AF95F9222182C000637D5F /* Frameworks */ = {
			isa = PBXFrameworksBuildPhase;
			buildActionMask = 2147483647;
			files = (
				130AF80CA00386E7FB5DE0DC /* Pods_WHIX.framework in Frameworks */,
			);
			runOnlyForDeploymentPostprocessing = 0;
		};
/* End PBXFrameworksBuildPhase section */

/* Begin PBXGroup section */
		79A7D41D2222B6CC006F64EC /* photoeditor */ = {
			isa = PBXGroup;
			children = (
				79A7D4312222B6FB006F64EC /* ColorCollectionViewCell.swift */,
				79A7D4382222B6FC006F64EC /* ColorCollectionViewCell.xib */,
				79A7D4232222B6F9006F64EC /* ColorsCollectionViewDelegate.swift */,
				79A7D42D2222B6FA006F64EC /* CropRectView.swift */,
				79A7D42E2222B6FA006F64EC /* CropView.swift */,
				79A7D4342222B6FB006F64EC /* CropViewController.swift */,
				79A7D42C2222B6FA006F64EC /* EmojiCollectionViewCell.swift */,
				79A7D43C2222B6FD006F64EC /* EmojiCollectionViewCell.xib */,
				79A7D4212222B6F8006F64EC /* EmojisCollectionViewDelegate.swift */,
				79A7D43B2222B6FC006F64EC /* GradientView.swift */,
				79A7D42B2222B6FA006F64EC /* icomoon.ttf */,
				79A7D42A2222B6FA006F64EC /* PhotoCropEditorBorder.png */,
				79A7D4252222B6F9006F64EC /* PhotoCropEditorBorder@2x.png */,
				79A7D4262222B6F9006F64EC /* PhotoCropEditorBorder@3x.png */,
				79A7D4222222B6F9006F64EC /* PhotoEditor+Controls.swift */,
				79A7D4322222B6FB006F64EC /* PhotoEditor+Crop.swift */,
				79A7D42F2222B6FB006F64EC /* PhotoEditor+Drawing.swift */,
				79A7D4392222B6FC006F64EC /* PhotoEditor+Font.swift */,
				79A7D4282222B6F9006F64EC /* PhotoEditor+Gestures.swift */,
				79A7D43E2222B6FD006F64EC /* PhotoEditor+Keyboard.swift */,
				79A7D4332222B6FB006F64EC /* PhotoEditor+StickersViewController.swift */,
				79A7D41E2222B6F8006F64EC /* PhotoEditor+UITextView.swift */,
				79A7D4292222B6FA006F64EC /* Protocols.swift */,
				79A7D4302222B6FB006F64EC /* ResizeControl.swift */,
				79A7D4352222B6FB006F64EC /* StickerCollectionViewCell.swift */,
				79A7D4202222B6F8006F64EC /* StickerCollectionViewCell.xib */,
				79A7D43A2222B6FC006F64EC /* StickersViewController.swift */,
				79A7D4372222B6FC006F64EC /* StickersViewController.xib */,
				79A7D41F2222B6F8006F64EC /* UIImage+Crop.swift */,
				79A7D43D2222B6FD006F64EC /* UIImage+Size.swift */,
				79A7D4242222B6F9006F64EC /* UIImageView+Alpha.swift */,
				79A7D4272222B6F9006F64EC /* UIView+Image.swift */,
			);
			path = photoeditor;
			sourceTree = "<group>";
		};
		79AF95F3222182C000637D5F = {
			isa = PBXGroup;
			children = (
				79AF95FE222182C000637D5F /* WHIX */,
				79AF95FD222182C000637D5F /* Products */,
				E51E6A7CFDADA6936847CD79 /* Pods */,
				9C9348EFBF8BE45F9FA8022E /* Frameworks */,
			);
			sourceTree = "<group>";
		};
		79AF95FD222182C000637D5F /* Products */ = {
			isa = PBXGroup;
			children = (
				79AF95FC222182C000637D5F /* WHIX.app */,
			);
			name = Products;
			sourceTree = "<group>";
		};
		79AF95FE222182C000637D5F /* WHIX */ = {
			isa = PBXGroup;
			children = (
				79A7D41D2222B6CC006F64EC /* photoeditor */,
				79AF95FF222182C000637D5F /* AppDelegate.swift */,
				79AF9601222182C000637D5F /* MainTabController.swift */,
				79AF9603222182C000637D5F /* LoginViewController.swift */,
				79A28C6922219C440072737A /* FeedViewController.swift */,
				79AF9605222182C000637D5F /* Main.storyboard */,
				79AF960A222182C200637D5F /* LaunchScreen.storyboard */,
				79AF9608222182C200637D5F /* Assets.xcassets */,
				79AF960D222182C200637D5F /* Info.plist */,
				79A7D41A2222B664006F64EC /* PhotoEditorViewController.swift */,
				79A7D4192222B663006F64EC /* PhotoEditorViewController.xib */,
				79A28C6722218D610072737A /* GoogleService-Info.plist */,
				79A28C702221A1BC0072737A /* PlayerCollectionViewCell.swift */,
				79A28C6D22219E200072737A /* PlayerView.swift */,
				79A28C782221C8600072737A /* GradientOverlayView.swift */,
				79D002C32221E93E0011F4EF /* SwiftyRecordButton.swift */,
				79D002BF2221E4C50011F4EF /* CamViewController.swift */,
				79D002C72221FADF0011F4EF /* PhotoEditController.swift */,
				79A5F31B222225A8001FBF64 /* ProfileController.swift */,
			);
			path = WHIX;
			sourceTree = "<group>";
		};
		9C9348EFBF8BE45F9FA8022E /* Frameworks */ = {
			isa = PBXGroup;
			children = (
				E2E55E908576D0FCE695F694 /* Pods_WHIX.framework */,
			);
			name = Frameworks;
			sourceTree = "<group>";
		};
		E51E6A7CFDADA6936847CD79 /* Pods */ = {
			isa = PBXGroup;
			children = (
				BFA0D234CB06F989C1E5BF38 /* Pods-WHIX.debug.xcconfig */,
				3F50C79D0EDEA73C0A08F8E6 /* Pods-WHIX.release.xcconfig */,
			);
			name = Pods;
			sourceTree = "<group>";
		};
/* End PBXGroup section */

/* Begin PBXNativeTarget section */
		79AF95FB222182C000637D5F /* WHIX */ = {
			isa = PBXNativeTarget;
			buildConfigurationList = 79AF9610222182C200637D5F /* Build configuration list for PBXNativeTarget "WHIX" */;
			buildPhases = (
				C0C03AC1DC9E830831EC5CA3 /* [CP] Check Pods Manifest.lock */,
				79AF95F8222182C000637D5F /* Sources */,
				79AF95F9222182C000637D5F /* Frameworks */,
				79AF95FA222182C000637D5F /* Resources */,
				9DB20B9906FFB680CA50A85C /* [CP] Embed Pods Frameworks */,
			);
			buildRules = (
			);
			dependencies = (
			);
			name = WHIX;
			productName = WHIX;
			productReference = 79AF95FC222182C000637D5F /* WHIX.app */;
			productType = "com.apple.product-type.application";
		};
/* End PBXNativeTarget section */

/* Begin PBXProject section */
		79AF95F4222182C000637D5F /* Project object */ = {
			isa = PBXProject;
			attributes = {
				LastSwiftUpdateCheck = 1010;
				LastUpgradeCheck = 1010;
				ORGANIZATIONNAME = WHIX;
				TargetAttributes = {
					79AF95FB222182C000637D5F = {
						CreatedOnToolsVersion = 10.1;
					};
				};
			};
			buildConfigurationList = 79AF95F7222182C000637D5F /* Build configuration list for PBXProject "WHIX" */;
			compatibilityVersion = "Xcode 9.3";
			developmentRegion = en;
			hasScannedForEncodings = 0;
			knownRegions = (
				en,
				Base,
			);
			mainGroup = 79AF95F3222182C000637D5F;
			productRefGroup = 79AF95FD222182C000637D5F /* Products */;
			projectDirPath = "";
			projectRoot = "";
			targets = (
				79AF95FB222182C000637D5F /* WHIX */,
			);
		};
/* End PBXProject section */

/* Begin PBXResourcesBuildPhase section */
		79AF95FA222182C000637D5F /* Resources */ = {
			isa = PBXResourcesBuildPhase;
			buildActionMask = 2147483647;
			files = (
				79A7D41B2222B664006F64EC /* PhotoEditorViewController.xib in Resources */,
				79A7D4462222B6FD006F64EC /* PhotoCropEditorBorder@2x.png in Resources */,
				79A7D4582222B6FD006F64EC /* StickersViewController.xib in Resources */,
				79AF960C222182C200637D5F /* LaunchScreen.storyboard in Resources */,
				79A7D45D2222B6FD006F64EC /* EmojiCollectionViewCell.xib in Resources */,
				79A28C6822218D610072737A /* GoogleService-Info.plist in Resources */,
				79AF9609222182C200637D5F /* Assets.xcassets in Resources */,
				79A7D44C2222B6FD006F64EC /* icomoon.ttf in Resources */,
				79A7D4472222B6FD006F64EC /* PhotoCropEditorBorder@3x.png in Resources */,
				79A7D44B2222B6FD006F64EC /* PhotoCropEditorBorder.png in Resources */,
				79A7D4412222B6FD006F64EC /* StickerCollectionViewCell.xib in Resources */,
				79A7D4592222B6FD006F64EC /* ColorCollectionViewCell.xib in Resources */,
				79AF9607222182C000637D5F /* Main.storyboard in Resources */,
			);
			runOnlyForDeploymentPostprocessing = 0;
		};
/* End PBXResourcesBuildPhase section */

/* Begin PBXShellScriptBuildPhase section */
		9DB20B9906FFB680CA50A85C /* [CP] Embed Pods Frameworks */ = {
			isa = PBXShellScriptBuildPhase;
			buildActionMask = 2147483647;
			files = (
			);
			inputFileListPaths = (
			);
			inputPaths = (
				"${SRCROOT}/Pods/Target Support Files/Pods-WHIX/Pods-WHIX-frameworks.sh",
				"${BUILT_PRODUCTS_DIR}/BoringSSL-GRPC/openssl_grpc.framework",
				"${BUILT_PRODUCTS_DIR}/Disk/Disk.framework",
				"${BUILT_PRODUCTS_DIR}/GTMSessionFetcher/GTMSessionFetcher.framework",
				"${BUILT_PRODUCTS_DIR}/GoogleUtilities/GoogleUtilities.framework",
				"${BUILT_PRODUCTS_DIR}/Protobuf/Protobuf.framework",
				"${BUILT_PRODUCTS_DIR}/SDWebImage/SDWebImage.framework",
				"${BUILT_PRODUCTS_DIR}/SwiftyCam/SwiftyCam.framework",
				"${BUILT_PRODUCTS_DIR}/gRPC-C++/grpcpp.framework",
				"${BUILT_PRODUCTS_DIR}/gRPC-Core/grpc.framework",
				"${BUILT_PRODUCTS_DIR}/iOSPhotoEditor/iOSPhotoEditor.framework",
				"${BUILT_PRODUCTS_DIR}/leveldb-library/leveldb.framework",
				"${BUILT_PRODUCTS_DIR}/nanopb/nanopb.framework",
			);
			name = "[CP] Embed Pods Frameworks";
			outputFileListPaths = (
			);
			outputPaths = (
				"${TARGET_BUILD_DIR}/${FRAMEWORKS_FOLDER_PATH}/openssl_grpc.framework",
				"${TARGET_BUILD_DIR}/${FRAMEWORKS_FOLDER_PATH}/Disk.framework",
				"${TARGET_BUILD_DIR}/${FRAMEWORKS_FOLDER_PATH}/GTMSessionFetcher.framework",
				"${TARGET_BUILD_DIR}/${FRAMEWORKS_FOLDER_PATH}/GoogleUtilities.framework",
				"${TARGET_BUILD_DIR}/${FRAMEWORKS_FOLDER_PATH}/Protobuf.framework",
				"${TARGET_BUILD_DIR}/${FRAMEWORKS_FOLDER_PATH}/SDWebImage.framework",
				"${TARGET_BUILD_DIR}/${FRAMEWORKS_FOLDER_PATH}/SwiftyCam.framework",
				"${TARGET_BUILD_DIR}/${FRAMEWORKS_FOLDER_PATH}/grpcpp.framework",
				"${TARGET_BUILD_DIR}/${FRAMEWORKS_FOLDER_PATH}/grpc.framework",
				"${TARGET_BUILD_DIR}/${FRAMEWORKS_FOLDER_PATH}/iOSPhotoEditor.framework",
				"${TARGET_BUILD_DIR}/${FRAMEWORKS_FOLDER_PATH}/leveldb.framework",
				"${TARGET_BUILD_DIR}/${FRAMEWORKS_FOLDER_PATH}/nanopb.framework",
			);
			runOnlyForDeploymentPostprocessing = 0;
			shellPath = /bin/sh;
			shellScript = "\"${SRCROOT}/Pods/Target Support Files/Pods-WHIX/Pods-WHIX-frameworks.sh\"\n";
			showEnvVarsInLog = 0;
		};
		C0C03AC1DC9E830831EC5CA3 /* [CP] Check Pods Manifest.lock */ = {
			isa = PBXShellScriptBuildPhase;
			buildActionMask = 2147483647;
			files = (
			);
			inputFileListPaths = (
			);
			inputPaths = (
				"${PODS_PODFILE_DIR_PATH}/Podfile.lock",
				"${PODS_ROOT}/Manifest.lock",
			);
			name = "[CP] Check Pods Manifest.lock";
			outputFileListPaths = (
			);
			outputPaths = (
				"$(DERIVED_FILE_DIR)/Pods-WHIX-checkManifestLockResult.txt",
			);
			runOnlyForDeploymentPostprocessing = 0;
			shellPath = /bin/sh;
			shellScript = "diff \"${PODS_PODFILE_DIR_PATH}/Podfile.lock\" \"${PODS_ROOT}/Manifest.lock\" > /dev/null\nif [ $? != 0 ] ; then\n    # print error to STDERR\n    echo \"error: The sandbox is not in sync with the Podfile.lock. Run 'pod install' or update your CocoaPods installation.\" >&2\n    exit 1\nfi\n# This output is used by Xcode 'outputs' to avoid re-running this script phase.\necho \"SUCCESS\" > \"${SCRIPT_OUTPUT_FILE_0}\"\n";
			showEnvVarsInLog = 0;
		};
/* End PBXShellScriptBuildPhase section */

/* Begin PBXSourcesBuildPhase section */
		79AF95F8222182C000637D5F /* Sources */ = {
			isa = PBXSourcesBuildPhase;
			buildActionMask = 2147483647;
			files = (
				79A7D45E2222B6FD006F64EC /* UIImage+Size.swift in Sources */,
				79A7D45A2222B6FD006F64EC /* PhotoEditor+Font.swift in Sources */,
				79D002C42221E93E0011F4EF /* SwiftyRecordButton.swift in Sources */,
				79A7D4532222B6FD006F64EC /* PhotoEditor+Crop.swift in Sources */,
				79AF9604222182C000637D5F /* LoginViewController.swift in Sources */,
				79A7D41C2222B664006F64EC /* PhotoEditorViewController.swift in Sources */,
				79A7D4402222B6FD006F64EC /* UIImage+Crop.swift in Sources */,
				79A7D45B2222B6FD006F64EC /* StickersViewController.swift in Sources */,
				79AF9600222182C000637D5F /* AppDelegate.swift in Sources */,
				79A7D4512222B6FD006F64EC /* ResizeControl.swift in Sources */,
				79A7D44D2222B6FD006F64EC /* EmojiCollectionViewCell.swift in Sources */,
				79A7D4432222B6FD006F64EC /* PhotoEditor+Controls.swift in Sources */,
				79D002C02221E4C50011F4EF /* CamViewController.swift in Sources */,
				79A7D44F2222B6FD006F64EC /* CropView.swift in Sources */,
				79A7D4502222B6FD006F64EC /* PhotoEditor+Drawing.swift in Sources */,
				79A7D43F2222B6FD006F64EC /* PhotoEditor+UITextView.swift in Sources */,
				79D002C82221FADF0011F4EF /* PhotoEditController.swift in Sources */,
				79A7D44A2222B6FD006F64EC /* Protocols.swift in Sources */,
				79A7D4452222B6FD006F64EC /* UIImageView+Alpha.swift in Sources */,
				79A7D4562222B6FD006F64EC /* StickerCollectionViewCell.swift in Sources */,
				79A7D4522222B6FD006F64EC /* ColorCollectionViewCell.swift in Sources */,
				79A7D4482222B6FD006F64EC /* UIView+Image.swift in Sources */,
				79A7D4422222B6FD006F64EC /* EmojisCollectionViewDelegate.swift in Sources */,
				79A28C792221C8600072737A /* GradientOverlayView.swift in Sources */,
				79A7D45F2222B6FD006F64EC /* PhotoEditor+Keyboard.swift in Sources */,
				79A7D44E2222B6FD006F64EC /* CropRectView.swift in Sources */,
				79A28C6E22219E200072737A /* PlayerView.swift in Sources */,
				79A5F31C222225A8001FBF64 /* ProfileController.swift in Sources */,
				79A7D4542222B6FD006F64EC /* PhotoEditor+StickersViewController.swift in Sources */,
				79A7D4492222B6FD006F64EC /* PhotoEditor+Gestures.swift in Sources */,
				79A28C6A22219C440072737A /* FeedViewController.swift in Sources */,
				79A7D4552222B6FD006F64EC /* CropViewController.swift in Sources */,
				79A7D4442222B6FD006F64EC /* ColorsCollectionViewDelegate.swift in Sources */,
				79A7D45C2222B6FD006F64EC /* GradientView.swift in Sources */,
				79AF9602222182C000637D5F /* MainTabController.swift in Sources */,
				79A28C722221A1BC0072737A /* PlayerCollectionViewCell.swift in Sources */,
			);
			runOnlyForDeploymentPostprocessing = 0;
		};
/* End PBXSourcesBuildPhase section */

/* Begin PBXVariantGroup section */
		79AF9605222182C000637D5F /* Main.storyboard */ = {
			isa = PBXVariantGroup;
			children = (
				79AF9606222182C000637D5F /* Base */,
			);
			name = Main.storyboard;
			sourceTree = "<group>";
		};
		79AF960A222182C200637D5F /* LaunchScreen.storyboard */ = {
			isa = PBXVariantGroup;
			children = (
				79AF960B222182C200637D5F /* Base */,
			);
			name = LaunchScreen.storyboard;
			sourceTree = "<group>";
		};
/* End PBXVariantGroup section */

/* Begin XCBuildConfiguration section */
		79AF960E222182C200637D5F /* Debug */ = {
			isa = XCBuildConfiguration;
			buildSettings = {
				ALWAYS_SEARCH_USER_PATHS = NO;
				CLANG_ANALYZER_NONNULL = YES;
				CLANG_ANALYZER_NUMBER_OBJECT_CONVERSION = YES_AGGRESSIVE;
				CLANG_CXX_LANGUAGE_STANDARD = "gnu++14";
				CLANG_CXX_LIBRARY = "libc++";
				CLANG_ENABLE_MODULES = YES;
				CLANG_ENABLE_OBJC_ARC = YES;
				CLANG_ENABLE_OBJC_WEAK = YES;
				CLANG_WARN_BLOCK_CAPTURE_AUTORELEASING = YES;
				CLANG_WARN_BOOL_CONVERSION = YES;
				CLANG_WARN_COMMA = YES;
				CLANG_WARN_CONSTANT_CONVERSION = YES;
				CLANG_WARN_DEPRECATED_OBJC_IMPLEMENTATIONS = YES;
				CLANG_WARN_DIRECT_OBJC_ISA_USAGE = YES_ERROR;
				CLANG_WARN_DOCUMENTATION_COMMENTS = YES;
				CLANG_WARN_EMPTY_BODY = YES;
				CLANG_WARN_ENUM_CONVERSION = YES;
				CLANG_WARN_INFINITE_RECURSION = YES;
				CLANG_WARN_INT_CONVERSION = YES;
				CLANG_WARN_NON_LITERAL_NULL_CONVERSION = YES;
				CLANG_WARN_OBJC_IMPLICIT_RETAIN_SELF = YES;
				CLANG_WARN_OBJC_LITERAL_CONVERSION = YES;
				CLANG_WARN_OBJC_ROOT_CLASS = YES_ERROR;
				CLANG_WARN_RANGE_LOOP_ANALYSIS = YES;
				CLANG_WARN_STRICT_PROTOTYPES = YES;
				CLANG_WARN_SUSPICIOUS_MOVE = YES;
				CLANG_WARN_UNGUARDED_AVAILABILITY = YES_AGGRESSIVE;
				CLANG_WARN_UNREACHABLE_CODE = YES;
				CLANG_WARN__DUPLICATE_METHOD_MATCH = YES;
				CODE_SIGN_IDENTITY = "iPhone Developer";
				COPY_PHASE_STRIP = NO;
				DEBUG_INFORMATION_FORMAT = dwarf;
				ENABLE_STRICT_OBJC_MSGSEND = YES;
				ENABLE_TESTABILITY = YES;
				GCC_C_LANGUAGE_STANDARD = gnu11;
				GCC_DYNAMIC_NO_PIC = NO;
				GCC_NO_COMMON_BLOCKS = YES;
				GCC_OPTIMIZATION_LEVEL = 0;
				GCC_PREPROCESSOR_DEFINITIONS = (
					"DEBUG=1",
					"$(inherited)",
				);
				GCC_WARN_64_TO_32_BIT_CONVERSION = YES;
				GCC_WARN_ABOUT_RETURN_TYPE = YES_ERROR;
				GCC_WARN_UNDECLARED_SELECTOR = YES;
				GCC_WARN_UNINITIALIZED_AUTOS = YES_AGGRESSIVE;
				GCC_WARN_UNUSED_FUNCTION = YES;
				GCC_WARN_UNUSED_VARIABLE = YES;
				IPHONEOS_DEPLOYMENT_TARGET = 12.1;
				MTL_ENABLE_DEBUG_INFO = INCLUDE_SOURCE;
				MTL_FAST_MATH = YES;
				ONLY_ACTIVE_ARCH = YES;
				SDKROOT = iphoneos;
				SWIFT_ACTIVE_COMPILATION_CONDITIONS = DEBUG;
				SWIFT_OPTIMIZATION_LEVEL = "-Onone";
			};
			name = Debug;
		};
		79AF960F222182C200637D5F /* Release */ = {
			isa = XCBuildConfiguration;
			buildSettings = {
				ALWAYS_SEARCH_USER_PATHS = NO;
				CLANG_ANALYZER_NONNULL = YES;
				CLANG_ANALYZER_NUMBER_OBJECT_CONVERSION = YES_AGGRESSIVE;
				CLANG_CXX_LANGUAGE_STANDARD = "gnu++14";
				CLANG_CXX_LIBRARY = "libc++";
				CLANG_ENABLE_MODULES = YES;
				CLANG_ENABLE_OBJC_ARC = YES;
				CLANG_ENABLE_OBJC_WEAK = YES;
				CLANG_WARN_BLOCK_CAPTURE_AUTORELEASING = YES;
				CLANG_WARN_BOOL_CONVERSION = YES;
				CLANG_WARN_COMMA = YES;
				CLANG_WARN_CONSTANT_CONVERSION = YES;
				CLANG_WARN_DEPRECATED_OBJC_IMPLEMENTATIONS = YES;
				CLANG_WARN_DIRECT_OBJC_ISA_USAGE = YES_ERROR;
				CLANG_WARN_DOCUMENTATION_COMMENTS = YES;
				CLANG_WARN_EMPTY_BODY = YES;
				CLANG_WARN_ENUM_CONVERSION = YES;
				CLANG_WARN_INFINITE_RECURSION = YES;
				CLANG_WARN_INT_CONVERSION = YES;
				CLANG_WARN_NON_LITERAL_NULL_CONVERSION = YES;
				CLANG_WARN_OBJC_IMPLICIT_RETAIN_SELF = YES;
				CLANG_WARN_OBJC_LITERAL_CONVERSION = YES;
				CLANG_WARN_OBJC_ROOT_CLASS = YES_ERROR;
				CLANG_WARN_RANGE_LOOP_ANALYSIS = YES;
				CLANG_WARN_STRICT_PROTOTYPES = YES;
				CLANG_WARN_SUSPICIOUS_MOVE = YES;
				CLANG_WARN_UNGUARDED_AVAILABILITY = YES_AGGRESSIVE;
				CLANG_WARN_UNREACHABLE_CODE = YES;
				CLANG_WARN__DUPLICATE_METHOD_MATCH = YES;
				CODE_SIGN_IDENTITY = "iPhone Developer";
				COPY_PHASE_STRIP = NO;
				DEBUG_INFORMATION_FORMAT = "dwarf-with-dsym";
				ENABLE_NS_ASSERTIONS = NO;
				ENABLE_STRICT_OBJC_MSGSEND = YES;
				GCC_C_LANGUAGE_STANDARD = gnu11;
				GCC_NO_COMMON_BLOCKS = YES;
				GCC_WARN_64_TO_32_BIT_CONVERSION = YES;
				GCC_WARN_ABOUT_RETURN_TYPE = YES_ERROR;
				GCC_WARN_UNDECLARED_SELECTOR = YES;
				GCC_WARN_UNINITIALIZED_AUTOS = YES_AGGRESSIVE;
				GCC_WARN_UNUSED_FUNCTION = YES;
				GCC_WARN_UNUSED_VARIABLE = YES;
				IPHONEOS_DEPLOYMENT_TARGET = 12.1;
				MTL_ENABLE_DEBUG_INFO = NO;
				MTL_FAST_MATH = YES;
				SDKROOT = iphoneos;
				SWIFT_COMPILATION_MODE = wholemodule;
				SWIFT_OPTIMIZATION_LEVEL = "-O";
				VALIDATE_PRODUCT = YES;
			};
			name = Release;
		};
		79AF9611222182C200637D5F /* Debug */ = {
			isa = XCBuildConfiguration;
			baseConfigurationReference = BFA0D234CB06F989C1E5BF38 /* Pods-WHIX.debug.xcconfig */;
			buildSettings = {
				ASSETCATALOG_COMPILER_APPICON_NAME = AppIcon;
				CODE_SIGN_STYLE = Automatic;
				DEVELOPMENT_TEAM = 9G49QBGYTJ;
				INFOPLIST_FILE = WHIX/Info.plist;
				LD_RUNPATH_SEARCH_PATHS = (
					"$(inherited)",
					"@executable_path/Frameworks",
				);
				PRODUCT_BUNDLE_IDENTIFIER = com.whix.WHIX;
				PRODUCT_NAME = "$(TARGET_NAME)";
				SWIFT_VERSION = 4.2;
				TARGETED_DEVICE_FAMILY = "1,2";
			};
			name = Debug;
		};
		79AF9612222182C200637D5F /* Release */ = {
			isa = XCBuildConfiguration;
			baseConfigurationReference = 3F50C79D0EDEA73C0A08F8E6 /* Pods-WHIX.release.xcconfig */;
			buildSettings = {
				ASSETCATALOG_COMPILER_APPICON_NAME = AppIcon;
				CODE_SIGN_STYLE = Automatic;
				DEVELOPMENT_TEAM = 9G49QBGYTJ;
				INFOPLIST_FILE = WHIX/Info.plist;
				LD_RUNPATH_SEARCH_PATHS = (
					"$(inherited)",
					"@executable_path/Frameworks",
				);
				PRODUCT_BUNDLE_IDENTIFIER = com.whix.WHIX;
				PRODUCT_NAME = "$(TARGET_NAME)";
				SWIFT_VERSION = 4.2;
				TARGETED_DEVICE_FAMILY = "1,2";
			};
			name = Release;
		};
/* End XCBuildConfiguration section */

/* Begin XCConfigurationList section */
		79AF95F7222182C000637D5F /* Build configuration list for PBXProject "WHIX" */ = {
			isa = XCConfigurationList;
			buildConfigurations = (
				79AF960E222182C200637D5F /* Debug */,
				79AF960F222182C200637D5F /* Release */,
			);
			defaultConfigurationIsVisible = 0;
			defaultConfigurationName = Release;
		};
		79AF9610222182C200637D5F /* Build configuration list for PBXNativeTarget "WHIX" */ = {
			isa = XCConfigurationList;
			buildConfigurations = (
				79AF9611222182C200637D5F /* Debug */,
				79AF9612222182C200637D5F /* Release */,
			);
			defaultConfigurationIsVisible = 0;
			defaultConfigurationName = Release;
		};
/* End XCConfigurationList section */
	};
	rootObject = 79AF95F4222182C000637D5F /* Project object */;
}
