// !$*UTF8*$!
{
	archiveVersion = 1;
	classes = {
	};
	objectVersion = 50;
	objects = {

/* Begin PBXBuildFile section */
		45453A0DD04F95271C0E1999 /* libPods-WHIX.a in Frameworks */ = {isa = PBXBuildFile; fileRef = 3E225C3293E69EF0C761678A /* libPods-WHIX.a */; };
		79A28C6822218D610072737A /* GoogleService-Info.plist in Resources */ = {isa = PBXBuildFile; fileRef = 79A28C6722218D610072737A /* GoogleService-Info.plist */; };
		79A28C6A22219C440072737A /* FeedViewController.swift in Sources */ = {isa = PBXBuildFile; fileRef = 79A28C6922219C440072737A /* FeedViewController.swift */; };
		79A28C6E22219E200072737A /* PlayerView.swift in Sources */ = {isa = PBXBuildFile; fileRef = 79A28C6D22219E200072737A /* PlayerView.swift */; };
		79A28C722221A1BC0072737A /* PlayerCollectionViewCell.swift in Sources */ = {isa = PBXBuildFile; fileRef = 79A28C702221A1BC0072737A /* PlayerCollectionViewCell.swift */; };
		79A28C792221C8600072737A /* GradientOverlayView.swift in Sources */ = {isa = PBXBuildFile; fileRef = 79A28C782221C8600072737A /* GradientOverlayView.swift */; };
		79AF9600222182C000637D5F /* AppDelegate.swift in Sources */ = {isa = PBXBuildFile; fileRef = 79AF95FF222182C000637D5F /* AppDelegate.swift */; };
		79AF9602222182C000637D5F /* MainTabController.swift in Sources */ = {isa = PBXBuildFile; fileRef = 79AF9601222182C000637D5F /* MainTabController.swift */; };
		79AF9604222182C000637D5F /* LoginViewController.swift in Sources */ = {isa = PBXBuildFile; fileRef = 79AF9603222182C000637D5F /* LoginViewController.swift */; };
		79AF9607222182C000637D5F /* Main.storyboard in Resources */ = {isa = PBXBuildFile; fileRef = 79AF9605222182C000637D5F /* Main.storyboard */; };
		79AF9609222182C200637D5F /* Assets.xcassets in Resources */ = {isa = PBXBuildFile; fileRef = 79AF9608222182C200637D5F /* Assets.xcassets */; };
		79AF960C222182C200637D5F /* LaunchScreen.storyboard in Resources */ = {isa = PBXBuildFile; fileRef = 79AF960A222182C200637D5F /* LaunchScreen.storyboard */; };
/* End PBXBuildFile section */

/* Begin PBXFileReference section */
		3E225C3293E69EF0C761678A /* libPods-WHIX.a */ = {isa = PBXFileReference; explicitFileType = archive.ar; includeInIndex = 0; path = "libPods-WHIX.a"; sourceTree = BUILT_PRODUCTS_DIR; };
		3F50C79D0EDEA73C0A08F8E6 /* Pods-WHIX.release.xcconfig */ = {isa = PBXFileReference; includeInIndex = 1; lastKnownFileType = text.xcconfig; name = "Pods-WHIX.release.xcconfig"; path = "Pods/Target Support Files/Pods-WHIX/Pods-WHIX.release.xcconfig"; sourceTree = "<group>"; };
		79A28C6722218D610072737A /* GoogleService-Info.plist */ = {isa = PBXFileReference; fileEncoding = 4; lastKnownFileType = text.plist.xml; path = "GoogleService-Info.plist"; sourceTree = "<group>"; };
		79A28C6922219C440072737A /* FeedViewController.swift */ = {isa = PBXFileReference; lastKnownFileType = sourcecode.swift; path = FeedViewController.swift; sourceTree = "<group>"; };
		79A28C6D22219E200072737A /* PlayerView.swift */ = {isa = PBXFileReference; lastKnownFileType = sourcecode.swift; path = PlayerView.swift; sourceTree = "<group>"; };
		79A28C702221A1BC0072737A /* PlayerCollectionViewCell.swift */ = {isa = PBXFileReference; fileEncoding = 4; lastKnownFileType = sourcecode.swift; path = PlayerCollectionViewCell.swift; sourceTree = "<group>"; };
		79A28C782221C8600072737A /* GradientOverlayView.swift */ = {isa = PBXFileReference; lastKnownFileType = sourcecode.swift; path = GradientOverlayView.swift; sourceTree = "<group>"; };
		79AF95FC222182C000637D5F /* WHIX.app */ = {isa = PBXFileReference; explicitFileType = wrapper.application; includeInIndex = 0; path = WHIX.app; sourceTree = BUILT_PRODUCTS_DIR; };
		79AF95FF222182C000637D5F /* AppDelegate.swift */ = {isa = PBXFileReference; lastKnownFileType = sourcecode.swift; path = AppDelegate.swift; sourceTree = "<group>"; };
		79AF9601222182C000637D5F /* MainTabController.swift */ = {isa = PBXFileReference; lastKnownFileType = sourcecode.swift; path = MainTabController.swift; sourceTree = "<group>"; };
		79AF9603222182C000637D5F /* LoginViewController.swift */ = {isa = PBXFileReference; lastKnownFileType = sourcecode.swift; path = LoginViewController.swift; sourceTree = "<group>"; };
		79AF9606222182C000637D5F /* Base */ = {isa = PBXFileReference; lastKnownFileType = file.storyboard; name = Base; path = Base.lproj/Main.storyboard; sourceTree = "<group>"; };
		79AF9608222182C200637D5F /* Assets.xcassets */ = {isa = PBXFileReference; lastKnownFileType = folder.assetcatalog; path = Assets.xcassets; sourceTree = "<group>"; };
		79AF960B222182C200637D5F /* Base */ = {isa = PBXFileReference; lastKnownFileType = file.storyboard; name = Base; path = Base.lproj/LaunchScreen.storyboard; sourceTree = "<group>"; };
		79AF960D222182C200637D5F /* Info.plist */ = {isa = PBXFileReference; lastKnownFileType = text.plist.xml; path = Info.plist; sourceTree = "<group>"; };
		BFA0D234CB06F989C1E5BF38 /* Pods-WHIX.debug.xcconfig */ = {isa = PBXFileReference; includeInIndex = 1; lastKnownFileType = text.xcconfig; name = "Pods-WHIX.debug.xcconfig"; path = "Pods/Target Support Files/Pods-WHIX/Pods-WHIX.debug.xcconfig"; sourceTree = "<group>"; };
/* End PBXFileReference section */

/* Begin PBXFrameworksBuildPhase section */
		79AF95F9222182C000637D5F /* Frameworks */ = {
			isa = PBXFrameworksBuildPhase;
			buildActionMask = 2147483647;
			files = (
				45453A0DD04F95271C0E1999 /* libPods-WHIX.a in Frameworks */,
			);
			runOnlyForDeploymentPostprocessing = 0;
		};
/* End PBXFrameworksBuildPhase section */

/* Begin PBXGroup section */
		79AF95F3222182C000637D5F = {
			isa = PBXGroup;
			children = (
				79AF95FE222182C000637D5F /* WHIX */,
				79AF95FD222182C000637D5F /* Products */,
				E51E6A7CFDADA6936847CD79 /* Pods */,
				9C9348EFBF8BE45F9FA8022E /* Frameworks */,
			);
			sourceTree = "<group>";
		};
		79AF95FD222182C000637D5F /* Products */ = {
			isa = PBXGroup;
			children = (
				79AF95FC222182C000637D5F /* WHIX.app */,
			);
			name = Products;
			sourceTree = "<group>";
		};
		79AF95FE222182C000637D5F /* WHIX */ = {
			isa = PBXGroup;
			children = (
				79AF95FF222182C000637D5F /* AppDelegate.swift */,
				79AF9601222182C000637D5F /* MainTabController.swift */,
				79AF9603222182C000637D5F /* LoginViewController.swift */,
				79A28C6922219C440072737A /* FeedViewController.swift */,
				79AF9605222182C000637D5F /* Main.storyboard */,
				79AF960A222182C200637D5F /* LaunchScreen.storyboard */,
				79AF9608222182C200637D5F /* Assets.xcassets */,
				79AF960D222182C200637D5F /* Info.plist */,
				79A28C6722218D610072737A /* GoogleService-Info.plist */,
				79A28C702221A1BC0072737A /* PlayerCollectionViewCell.swift */,
				79A28C6D22219E200072737A /* PlayerView.swift */,
				79A28C782221C8600072737A /* GradientOverlayView.swift */,
			);
			path = WHIX;
			sourceTree = "<group>";
		};
		9C9348EFBF8BE45F9FA8022E /* Frameworks */ = {
			isa = PBXGroup;
			children = (
				3E225C3293E69EF0C761678A /* libPods-WHIX.a */,
			);
			name = Frameworks;
			sourceTree = "<group>";
		};
		E51E6A7CFDADA6936847CD79 /* Pods */ = {
			isa = PBXGroup;
			children = (
				BFA0D234CB06F989C1E5BF38 /* Pods-WHIX.debug.xcconfig */,
				3F50C79D0EDEA73C0A08F8E6 /* Pods-WHIX.release.xcconfig */,
			);
			name = Pods;
			sourceTree = "<group>";
		};
/* End PBXGroup section */

/* Begin PBXNativeTarget section */
		79AF95FB222182C000637D5F /* WHIX */ = {
			isa = PBXNativeTarget;
			buildConfigurationList = 79AF9610222182C200637D5F /* Build configuration list for PBXNativeTarget "WHIX" */;
			buildPhases = (
				C0C03AC1DC9E830831EC5CA3 /* [CP] Check Pods Manifest.lock */,
				79AF95F8222182C000637D5F /* Sources */,
				79AF95F9222182C000637D5F /* Frameworks */,
				79AF95FA222182C000637D5F /* Resources */,
			);
			buildRules = (
			);
			dependencies = (
			);
			name = WHIX;
			productName = WHIX;
			productReference = 79AF95FC222182C000637D5F /* WHIX.app */;
			productType = "com.apple.product-type.application";
		};
/* End PBXNativeTarget section */

/* Begin PBXProject section */
		79AF95F4222182C000637D5F /* Project object */ = {
			isa = PBXProject;
			attributes = {
				LastSwiftUpdateCheck = 1010;
				LastUpgradeCheck = 1010;
				ORGANIZATIONNAME = WHIX;
				TargetAttributes = {
					79AF95FB222182C000637D5F = {
						CreatedOnToolsVersion = 10.1;
					};
				};
			};
			buildConfigurationList = 79AF95F7222182C000637D5F /* Build configuration list for PBXProject "WHIX" */;
			compatibilityVersion = "Xcode 9.3";
			developmentRegion = en;
			hasScannedForEncodings = 0;
			knownRegions = (
				en,
				Base,
			);
			mainGroup = 79AF95F3222182C000637D5F;
			productRefGroup = 79AF95FD222182C000637D5F /* Products */;
			projectDirPath = "";
			projectRoot = "";
			targets = (
				79AF95FB222182C000637D5F /* WHIX */,
			);
		};
/* End PBXProject section */

/* Begin PBXResourcesBuildPhase section */
		79AF95FA222182C000637D5F /* Resources */ = {
			isa = PBXResourcesBuildPhase;
			buildActionMask = 2147483647;
			files = (
				79AF960C222182C200637D5F /* LaunchScreen.storyboard in Resources */,
				79A28C6822218D610072737A /* GoogleService-Info.plist in Resources */,
				79AF9609222182C200637D5F /* Assets.xcassets in Resources */,
				79AF9607222182C000637D5F /* Main.storyboard in Resources */,
			);
			runOnlyForDeploymentPostprocessing = 0;
		};
/* End PBXResourcesBuildPhase section */

/* Begin PBXShellScriptBuildPhase section */
		C0C03AC1DC9E830831EC5CA3 /* [CP] Check Pods Manifest.lock */ = {
			isa = PBXShellScriptBuildPhase;
			buildActionMask = 2147483647;
			files = (
			);
			inputFileListPaths = (
			);
			inputPaths = (
				"${PODS_PODFILE_DIR_PATH}/Podfile.lock",
				"${PODS_ROOT}/Manifest.lock",
			);
			name = "[CP] Check Pods Manifest.lock";
			outputFileListPaths = (
			);
			outputPaths = (
				"$(DERIVED_FILE_DIR)/Pods-WHIX-checkManifestLockResult.txt",
			);
			runOnlyForDeploymentPostprocessing = 0;
			shellPath = /bin/sh;
			shellScript = "diff \"${PODS_PODFILE_DIR_PATH}/Podfile.lock\" \"${PODS_ROOT}/Manifest.lock\" > /dev/null\nif [ $? != 0 ] ; then\n    # print error to STDERR\n    echo \"error: The sandbox is not in sync with the Podfile.lock. Run 'pod install' or update your CocoaPods installation.\" >&2\n    exit 1\nfi\n# This output is used by Xcode 'outputs' to avoid re-running this script phase.\necho \"SUCCESS\" > \"${SCRIPT_OUTPUT_FILE_0}\"\n";
			showEnvVarsInLog = 0;
		};
/* End PBXShellScriptBuildPhase section */

/* Begin PBXSourcesBuildPhase section */
		79AF95F8222182C000637D5F /* Sources */ = {
			isa = PBXSourcesBuildPhase;
			buildActionMask = 2147483647;
			files = (
				79AF9604222182C000637D5F /* LoginViewController.swift in Sources */,
				79AF9600222182C000637D5F /* AppDelegate.swift in Sources */,
				79A28C792221C8600072737A /* GradientOverlayView.swift in Sources */,
				79A28C6E22219E200072737A /* PlayerView.swift in Sources */,
				79A28C6A22219C440072737A /* FeedViewController.swift in Sources */,
				79AF9602222182C000637D5F /* MainTabController.swift in Sources */,
				79A28C722221A1BC0072737A /* PlayerCollectionViewCell.swift in Sources */,
			);
			runOnlyForDeploymentPostprocessing = 0;
		};
/* End PBXSourcesBuildPhase section */

/* Begin PBXVariantGroup section */
		79AF9605222182C000637D5F /* Main.storyboard */ = {
			isa = PBXVariantGroup;
			children = (
				79AF9606222182C000637D5F /* Base */,
			);
			name = Main.storyboard;
			sourceTree = "<group>";
		};
		79AF960A222182C200637D5F /* LaunchScreen.storyboard */ = {
			isa = PBXVariantGroup;
			children = (
				79AF960B222182C200637D5F /* Base */,
			);
			name = LaunchScreen.storyboard;
			sourceTree = "<group>";
		};
/* End PBXVariantGroup section */

/* Begin XCBuildConfiguration section */
		79AF960E222182C200637D5F /* Debug */ = {
			isa = XCBuildConfiguration;
			buildSettings = {
				ALWAYS_SEARCH_USER_PATHS = NO;
				CLANG_ANALYZER_NONNULL = YES;
				CLANG_ANALYZER_NUMBER_OBJECT_CONVERSION = YES_AGGRESSIVE;
				CLANG_CXX_LANGUAGE_STANDARD = "gnu++14";
				CLANG_CXX_LIBRARY = "libc++";
				CLANG_ENABLE_MODULES = YES;
				CLANG_ENABLE_OBJC_ARC = YES;
				CLANG_ENABLE_OBJC_WEAK = YES;
				CLANG_WARN_BLOCK_CAPTURE_AUTORELEASING = YES;
				CLANG_WARN_BOOL_CONVERSION = YES;
				CLANG_WARN_COMMA = YES;
				CLANG_WARN_CONSTANT_CONVERSION = YES;
				CLANG_WARN_DEPRECATED_OBJC_IMPLEMENTATIONS = YES;
				CLANG_WARN_DIRECT_OBJC_ISA_USAGE = YES_ERROR;
				CLANG_WARN_DOCUMENTATION_COMMENTS = YES;
				CLANG_WARN_EMPTY_BODY = YES;
				CLANG_WARN_ENUM_CONVERSION = YES;
				CLANG_WARN_INFINITE_RECURSION = YES;
				CLANG_WARN_INT_CONVERSION = YES;
				CLANG_WARN_NON_LITERAL_NULL_CONVERSION = YES;
				CLANG_WARN_OBJC_IMPLICIT_RETAIN_SELF = YES;
				CLANG_WARN_OBJC_LITERAL_CONVERSION = YES;
				CLANG_WARN_OBJC_ROOT_CLASS = YES_ERROR;
				CLANG_WARN_RANGE_LOOP_ANALYSIS = YES;
				CLANG_WARN_STRICT_PROTOTYPES = YES;
				CLANG_WARN_SUSPICIOUS_MOVE = YES;
				CLANG_WARN_UNGUARDED_AVAILABILITY = YES_AGGRESSIVE;
				CLANG_WARN_UNREACHABLE_CODE = YES;
				CLANG_WARN__DUPLICATE_METHOD_MATCH = YES;
				CODE_SIGN_IDENTITY = "iPhone Developer";
				COPY_PHASE_STRIP = NO;
				DEBUG_INFORMATION_FORMAT = dwarf;
				ENABLE_STRICT_OBJC_MSGSEND = YES;
				ENABLE_TESTABILITY = YES;
				GCC_C_LANGUAGE_STANDARD = gnu11;
				GCC_DYNAMIC_NO_PIC = NO;
				GCC_NO_COMMON_BLOCKS = YES;
				GCC_OPTIMIZATION_LEVEL = 0;
				GCC_PREPROCESSOR_DEFINITIONS = (
					"DEBUG=1",
					"$(inherited)",
				);
				GCC_WARN_64_TO_32_BIT_CONVERSION = YES;
				GCC_WARN_ABOUT_RETURN_TYPE = YES_ERROR;
				GCC_WARN_UNDECLARED_SELECTOR = YES;
				GCC_WARN_UNINITIALIZED_AUTOS = YES_AGGRESSIVE;
				GCC_WARN_UNUSED_FUNCTION = YES;
				GCC_WARN_UNUSED_VARIABLE = YES;
				IPHONEOS_DEPLOYMENT_TARGET = 12.1;
				MTL_ENABLE_DEBUG_INFO = INCLUDE_SOURCE;
				MTL_FAST_MATH = YES;
				ONLY_ACTIVE_ARCH = YES;
				SDKROOT = iphoneos;
				SWIFT_ACTIVE_COMPILATION_CONDITIONS = DEBUG;
				SWIFT_OPTIMIZATION_LEVEL = "-Onone";
			};
			name = Debug;
		};
		79AF960F222182C200637D5F /* Release */ = {
			isa = XCBuildConfiguration;
			buildSettings = {
				ALWAYS_SEARCH_USER_PATHS = NO;
				CLANG_ANALYZER_NONNULL = YES;
				CLANG_ANALYZER_NUMBER_OBJECT_CONVERSION = YES_AGGRESSIVE;
				CLANG_CXX_LANGUAGE_STANDARD = "gnu++14";
				CLANG_CXX_LIBRARY = "libc++";
				CLANG_ENABLE_MODULES = YES;
				CLANG_ENABLE_OBJC_ARC = YES;
				CLANG_ENABLE_OBJC_WEAK = YES;
				CLANG_WARN_BLOCK_CAPTURE_AUTORELEASING = YES;
				CLANG_WARN_BOOL_CONVERSION = YES;
				CLANG_WARN_COMMA = YES;
				CLANG_WARN_CONSTANT_CONVERSION = YES;
				CLANG_WARN_DEPRECATED_OBJC_IMPLEMENTATIONS = YES;
				CLANG_WARN_DIRECT_OBJC_ISA_USAGE = YES_ERROR;
				CLANG_WARN_DOCUMENTATION_COMMENTS = YES;
				CLANG_WARN_EMPTY_BODY = YES;
				CLANG_WARN_ENUM_CONVERSION = YES;
				CLANG_WARN_INFINITE_RECURSION = YES;
				CLANG_WARN_INT_CONVERSION = YES;
				CLANG_WARN_NON_LITERAL_NULL_CONVERSION = YES;
				CLANG_WARN_OBJC_IMPLICIT_RETAIN_SELF = YES;
				CLANG_WARN_OBJC_LITERAL_CONVERSION = YES;
				CLANG_WARN_OBJC_ROOT_CLASS = YES_ERROR;
				CLANG_WARN_RANGE_LOOP_ANALYSIS = YES;
				CLANG_WARN_STRICT_PROTOTYPES = YES;
				CLANG_WARN_SUSPICIOUS_MOVE = YES;
				CLANG_WARN_UNGUARDED_AVAILABILITY = YES_AGGRESSIVE;
				CLANG_WARN_UNREACHABLE_CODE = YES;
				CLANG_WARN__DUPLICATE_METHOD_MATCH = YES;
				CODE_SIGN_IDENTITY = "iPhone Developer";
				COPY_PHASE_STRIP = NO;
				DEBUG_INFORMATION_FORMAT = "dwarf-with-dsym";
				ENABLE_NS_ASSERTIONS = NO;
				ENABLE_STRICT_OBJC_MSGSEND = YES;
				GCC_C_LANGUAGE_STANDARD = gnu11;
				GCC_NO_COMMON_BLOCKS = YES;
				GCC_WARN_64_TO_32_BIT_CONVERSION = YES;
				GCC_WARN_ABOUT_RETURN_TYPE = YES_ERROR;
				GCC_WARN_UNDECLARED_SELECTOR = YES;
				GCC_WARN_UNINITIALIZED_AUTOS = YES_AGGRESSIVE;
				GCC_WARN_UNUSED_FUNCTION = YES;
				GCC_WARN_UNUSED_VARIABLE = YES;
				IPHONEOS_DEPLOYMENT_TARGET = 12.1;
				MTL_ENABLE_DEBUG_INFO = NO;
				MTL_FAST_MATH = YES;
				SDKROOT = iphoneos;
				SWIFT_COMPILATION_MODE = wholemodule;
				SWIFT_OPTIMIZATION_LEVEL = "-O";
				VALIDATE_PRODUCT = YES;
			};
			name = Release;
		};
		79AF9611222182C200637D5F /* Debug */ = {
			isa = XCBuildConfiguration;
			baseConfigurationReference = BFA0D234CB06F989C1E5BF38 /* Pods-WHIX.debug.xcconfig */;
			buildSettings = {
				ASSETCATALOG_COMPILER_APPICON_NAME = AppIcon;
				CODE_SIGN_STYLE = Automatic;
				DEVELOPMENT_TEAM = 9G49QBGYTJ;
				INFOPLIST_FILE = WHIX/Info.plist;
				LD_RUNPATH_SEARCH_PATHS = (
					"$(inherited)",
					"@executable_path/Frameworks",
				);
				PRODUCT_BUNDLE_IDENTIFIER = com.whix.WHIX;
				PRODUCT_NAME = "$(TARGET_NAME)";
				SWIFT_VERSION = 4.2;
				TARGETED_DEVICE_FAMILY = "1,2";
			};
			name = Debug;
		};
		79AF9612222182C200637D5F /* Release */ = {
			isa = XCBuildConfiguration;
			baseConfigurationReference = 3F50C79D0EDEA73C0A08F8E6 /* Pods-WHIX.release.xcconfig */;
			buildSettings = {
				ASSETCATALOG_COMPILER_APPICON_NAME = AppIcon;
				CODE_SIGN_STYLE = Automatic;
				DEVELOPMENT_TEAM = 9G49QBGYTJ;
				INFOPLIST_FILE = WHIX/Info.plist;
				LD_RUNPATH_SEARCH_PATHS = (
					"$(inherited)",
					"@executable_path/Frameworks",
				);
				PRODUCT_BUNDLE_IDENTIFIER = com.whix.WHIX;
				PRODUCT_NAME = "$(TARGET_NAME)";
				SWIFT_VERSION = 4.2;
				TARGETED_DEVICE_FAMILY = "1,2";
			};
			name = Release;
		};
/* End XCBuildConfiguration section */

/* Begin XCConfigurationList section */
		79AF95F7222182C000637D5F /* Build configuration list for PBXProject "WHIX" */ = {
			isa = XCConfigurationList;
			buildConfigurations = (
				79AF960E222182C200637D5F /* Debug */,
				79AF960F222182C200637D5F /* Release */,
			);
			defaultConfigurationIsVisible = 0;
			defaultConfigurationName = Release;
		};
		79AF9610222182C200637D5F /* Build configuration list for PBXNativeTarget "WHIX" */ = {
			isa = XCConfigurationList;
			buildConfigurations = (
				79AF9611222182C200637D5F /* Debug */,
				79AF9612222182C200637D5F /* Release */,
			);
			defaultConfigurationIsVisible = 0;
			defaultConfigurationName = Release;
		};
/* End XCConfigurationList section */
	};
	rootObject = 79AF95F4222182C000637D5F /* Project object */;
}
